// !$*UTF8*$!
{
	archiveVersion = 1;
	classes = {
	};
	objectVersion = 50;
	objects = {

/* Begin PBXBuildFile section */
		A1CCDBE62427A98200B49A40 /* AppDelegate.swift in Sources */ = {isa = PBXBuildFile; fileRef = A1CCDBE52427A98200B49A40 /* AppDelegate.swift */; };
		A1CCDBE82427A98200B49A40 /* SceneDelegate.swift in Sources */ = {isa = PBXBuildFile; fileRef = A1CCDBE72427A98200B49A40 /* SceneDelegate.swift */; };
		A1CCDBEA2427A98200B49A40 /* mainVC.swift in Sources */ = {isa = PBXBuildFile; fileRef = A1CCDBE92427A98200B49A40 /* mainVC.swift */; };
		A1CCDBED2427A98200B49A40 /* Main.storyboard in Resources */ = {isa = PBXBuildFile; fileRef = A1CCDBEB2427A98200B49A40 /* Main.storyboard */; };
		A1CCDBEF2427A98300B49A40 /* Assets.xcassets in Resources */ = {isa = PBXBuildFile; fileRef = A1CCDBEE2427A98300B49A40 /* Assets.xcassets */; };
		A1CCDBF22427A98300B49A40 /* LaunchScreen.storyboard in Resources */ = {isa = PBXBuildFile; fileRef = A1CCDBF02427A98300B49A40 /* LaunchScreen.storyboard */; };
		A1CCDBFD2427A98300B49A40 /* Windfow_shopperTests.swift in Sources */ = {isa = PBXBuildFile; fileRef = A1CCDBFC2427A98300B49A40 /* Windfow_shopperTests.swift */; };
		A1CCDC082427A98300B49A40 /* Windfow_shopperUITests.swift in Sources */ = {isa = PBXBuildFile; fileRef = A1CCDC072427A98300B49A40 /* Windfow_shopperUITests.swift */; };
		A1CCDC172427AE3B00B49A40 /* CurrencyTextField.swift in Sources */ = {isa = PBXBuildFile; fileRef = A1CCDC162427AE3B00B49A40 /* CurrencyTextField.swift */; };
/* End PBXBuildFile section */

/* Begin PBXContainerItemProxy section */
		A1CCDBF92427A98300B49A40 /* PBXContainerItemProxy */ = {
			isa = PBXContainerItemProxy;
			containerPortal = A1CCDBDA2427A98100B49A40 /* Project object */;
			proxyType = 1;
			remoteGlobalIDString = A1CCDBE12427A98100B49A40;
			remoteInfo = Windfow_shopper;
		};
		A1CCDC042427A98300B49A40 /* PBXContainerItemProxy */ = {
			isa = PBXContainerItemProxy;
			containerPortal = A1CCDBDA2427A98100B49A40 /* Project object */;
			proxyType = 1;
			remoteGlobalIDString = A1CCDBE12427A98100B49A40;
			remoteInfo = Windfow_shopper;
		};
/* End PBXContainerItemProxy section */

/* Begin PBXFileReference section */
		A1CCDBE22427A98200B49A40 /* Windfow_shopper.app */ = {isa = PBXFileReference; explicitFileType = wrapper.application; includeInIndex = 0; path = Windfow_shopper.app; sourceTree = BUILT_PRODUCTS_DIR; };
		A1CCDBE52427A98200B49A40 /* AppDelegate.swift */ = {isa = PBXFileReference; lastKnownFileType = sourcecode.swift; path = AppDelegate.swift; sourceTree = "<group>"; };
		A1CCDBE72427A98200B49A40 /* SceneDelegate.swift */ = {isa = PBXFileReference; lastKnownFileType = sourcecode.swift; path = SceneDelegate.swift; sourceTree = "<group>"; };
		A1CCDBE92427A98200B49A40 /* mainVC.swift */ = {isa = PBXFileReference; lastKnownFileType = sourcecode.swift; path = mainVC.swift; sourceTree = "<group>"; };
		A1CCDBEC2427A98200B49A40 /* Base */ = {isa = PBXFileReference; lastKnownFileType = file.storyboard; name = Base; path = Base.lproj/Main.storyboard; sourceTree = "<group>"; };
		A1CCDBEE2427A98300B49A40 /* Assets.xcassets */ = {isa = PBXFileReference; lastKnownFileType = folder.assetcatalog; path = Assets.xcassets; sourceTree = "<group>"; };
		A1CCDBF12427A98300B49A40 /* Base */ = {isa = PBXFileReference; lastKnownFileType = file.storyboard; name = Base; path = Base.lproj/LaunchScreen.storyboard; sourceTree = "<group>"; };
		A1CCDBF32427A98300B49A40 /* Info.plist */ = {isa = PBXFileReference; lastKnownFileType = text.plist.xml; path = Info.plist; sourceTree = "<group>"; };
		A1CCDBF82427A98300B49A40 /* Windfow_shopperTests.xctest */ = {isa = PBXFileReference; explicitFileType = wrapper.cfbundle; includeInIndex = 0; path = Windfow_shopperTests.xctest; sourceTree = BUILT_PRODUCTS_DIR; };
		A1CCDBFC2427A98300B49A40 /* Windfow_shopperTests.swift */ = {isa = PBXFileReference; lastKnownFileType = sourcecode.swift; path = Windfow_shopperTests.swift; sourceTree = "<group>"; };
		A1CCDBFE2427A98300B49A40 /* Info.plist */ = {isa = PBXFileReference; lastKnownFileType = text.plist.xml; path = Info.plist; sourceTree = "<group>"; };
		A1CCDC032427A98300B49A40 /* Windfow_shopperUITests.xctest */ = {isa = PBXFileReference; explicitFileType = wrapper.cfbundle; includeInIndex = 0; path = Windfow_shopperUITests.xctest; sourceTree = BUILT_PRODUCTS_DIR; };
		A1CCDC072427A98300B49A40 /* Windfow_shopperUITests.swift */ = {isa = PBXFileReference; lastKnownFileType = sourcecode.swift; path = Windfow_shopperUITests.swift; sourceTree = "<group>"; };
		A1CCDC092427A98300B49A40 /* Info.plist */ = {isa = PBXFileReference; lastKnownFileType = text.plist.xml; path = Info.plist; sourceTree = "<group>"; };
		A1CCDC162427AE3B00B49A40 /* CurrencyTextField.swift */ = {isa = PBXFileReference; lastKnownFileType = sourcecode.swift; path = CurrencyTextField.swift; sourceTree = "<group>"; };
/* End PBXFileReference section */

/* Begin PBXFrameworksBuildPhase section */
		A1CCDBDF2427A98100B49A40 /* Frameworks */ = {
			isa = PBXFrameworksBuildPhase;
			buildActionMask = 2147483647;
			files = (
			);
			runOnlyForDeploymentPostprocessing = 0;
		};
		A1CCDBF52427A98300B49A40 /* Frameworks */ = {
			isa = PBXFrameworksBuildPhase;
			buildActionMask = 2147483647;
			files = (
			);
			runOnlyForDeploymentPostprocessing = 0;
		};
		A1CCDC002427A98300B49A40 /* Frameworks */ = {
			isa = PBXFrameworksBuildPhase;
			buildActionMask = 2147483647;
			files = (
			);
			runOnlyForDeploymentPostprocessing = 0;
		};
/* End PBXFrameworksBuildPhase section */

/* Begin PBXGroup section */
		A1C730B82427BDB300542625 /* Model */ = {
			isa = PBXGroup;
			children = (
			);
			path = Model;
			sourceTree = "<group>";
		};
		A1CCDBD92427A98100B49A40 = {
			isa = PBXGroup;
			children = (
				A1CCDBE42427A98200B49A40 /* Windfow_shopper */,
				A1CCDBFB2427A98300B49A40 /* Windfow_shopperTests */,
				A1CCDC062427A98300B49A40 /* Windfow_shopperUITests */,
				A1CCDBE32427A98200B49A40 /* Products */,
			);
			sourceTree = "<group>";
		};
		A1CCDBE32427A98200B49A40 /* Products */ = {
			isa = PBXGroup;
			children = (
				A1CCDBE22427A98200B49A40 /* Windfow_shopper.app */,
				A1CCDBF82427A98300B49A40 /* Windfow_shopperTests.xctest */,
				A1CCDC032427A98300B49A40 /* Windfow_shopperUITests.xctest */,
			);
			name = Products;
			sourceTree = "<group>";
		};
		A1CCDBE42427A98200B49A40 /* Windfow_shopper */ = {
			isa = PBXGroup;
			children = (
				A1C730B82427BDB300542625 /* Model */,
				A1CCDC182427BB4000B49A40 /* Controller */,
				A1CCDC152427ADE100B49A40 /* View */,
				A1CCDBE52427A98200B49A40 /* AppDelegate.swift */,
				A1CCDBE72427A98200B49A40 /* SceneDelegate.swift */,
				A1CCDBE92427A98200B49A40 /* mainVC.swift */,
				A1CCDBEB2427A98200B49A40 /* Main.storyboard */,
				A1CCDBEE2427A98300B49A40 /* Assets.xcassets */,
				A1CCDBF02427A98300B49A40 /* LaunchScreen.storyboard */,
				A1CCDBF32427A98300B49A40 /* Info.plist */,
			);
			path = Windfow_shopper;
			sourceTree = "<group>";
		};
		A1CCDBFB2427A98300B49A40 /* Windfow_shopperTests */ = {
			isa = PBXGroup;
			children = (
				A1CCDBFC2427A98300B49A40 /* Windfow_shopperTests.swift */,
				A1CCDBFE2427A98300B49A40 /* Info.plist */,
			);
			path = Windfow_shopperTests;
			sourceTree = "<group>";
		};
		A1CCDC062427A98300B49A40 /* Windfow_shopperUITests */ = {
			isa = PBXGroup;
			children = (
				A1CCDC072427A98300B49A40 /* Windfow_shopperUITests.swift */,
				A1CCDC092427A98300B49A40 /* Info.plist */,
			);
			path = Windfow_shopperUITests;
			sourceTree = "<group>";
		};
		A1CCDC152427ADE100B49A40 /* View */ = {
			isa = PBXGroup;
			children = (
				A1CCDC162427AE3B00B49A40 /* CurrencyTextField.swift */,
			);
			path = View;
			sourceTree = "<group>";
		};
		A1CCDC182427BB4000B49A40 /* Controller */ = {
			isa = PBXGroup;
			children = (
			);
			path = Controller;
			sourceTree = "<group>";
		};
/* End PBXGroup section */

/* Begin PBXNativeTarget section */
		A1CCDBE12427A98100B49A40 /* Windfow_shopper */ = {
			isa = PBXNativeTarget;
			buildConfigurationList = A1CCDC0C2427A98300B49A40 /* Build configuration list for PBXNativeTarget "Windfow_shopper" */;
			buildPhases = (
				A1CCDBDE2427A98100B49A40 /* Sources */,
				A1CCDBDF2427A98100B49A40 /* Frameworks */,
				A1CCDBE02427A98100B49A40 /* Resources */,
			);
			buildRules = (
			);
			dependencies = (
			);
			name = Windfow_shopper;
			productName = Windfow_shopper;
			productReference = A1CCDBE22427A98200B49A40 /* Windfow_shopper.app */;
			productType = "com.apple.product-type.application";
		};
		A1CCDBF72427A98300B49A40 /* Windfow_shopperTests */ = {
			isa = PBXNativeTarget;
			buildConfigurationList = A1CCDC0F2427A98300B49A40 /* Build configuration list for PBXNativeTarget "Windfow_shopperTests" */;
			buildPhases = (
				A1CCDBF42427A98300B49A40 /* Sources */,
				A1CCDBF52427A98300B49A40 /* Frameworks */,
				A1CCDBF62427A98300B49A40 /* Resources */,
			);
			buildRules = (
			);
			dependencies = (
				A1CCDBFA2427A98300B49A40 /* PBXTargetDependency */,
			);
			name = Windfow_shopperTests;
			productName = Windfow_shopperTests;
			productReference = A1CCDBF82427A98300B49A40 /* Windfow_shopperTests.xctest */;
			productType = "com.apple.product-type.bundle.unit-test";
		};
		A1CCDC022427A98300B49A40 /* Windfow_shopperUITests */ = {
			isa = PBXNativeTarget;
			buildConfigurationList = A1CCDC122427A98300B49A40 /* Build configuration list for PBXNativeTarget "Windfow_shopperUITests" */;
			buildPhases = (
				A1CCDBFF2427A98300B49A40 /* Sources */,
				A1CCDC002427A98300B49A40 /* Frameworks */,
				A1CCDC012427A98300B49A40 /* Resources */,
			);
			buildRules = (
			);
			dependencies = (
				A1CCDC052427A98300B49A40 /* PBXTargetDependency */,
			);
			name = Windfow_shopperUITests;
			productName = Windfow_shopperUITests;
			productReference = A1CCDC032427A98300B49A40 /* Windfow_shopperUITests.xctest */;
			productType = "com.apple.product-type.bundle.ui-testing";
		};
/* End PBXNativeTarget section */

/* Begin PBXProject section */
		A1CCDBDA2427A98100B49A40 /* Project object */ = {
			isa = PBXProject;
			attributes = {
				LastSwiftUpdateCheck = 1130;
				LastUpgradeCheck = 1130;
				ORGANIZATIONNAME = lebose;
				TargetAttributes = {
					A1CCDBE12427A98100B49A40 = {
						CreatedOnToolsVersion = 11.3.1;
					};
					A1CCDBF72427A98300B49A40 = {
						CreatedOnToolsVersion = 11.3.1;
						TestTargetID = A1CCDBE12427A98100B49A40;
					};
					A1CCDC022427A98300B49A40 = {
						CreatedOnToolsVersion = 11.3.1;
						TestTargetID = A1CCDBE12427A98100B49A40;
					};
				};
			};
			buildConfigurationList = A1CCDBDD2427A98100B49A40 /* Build configuration list for PBXProject "Windfow_shopper" */;
			compatibilityVersion = "Xcode 9.3";
			developmentRegion = en;
			hasScannedForEncodings = 0;
			knownRegions = (
				en,
				Base,
			);
			mainGroup = A1CCDBD92427A98100B49A40;
			productRefGroup = A1CCDBE32427A98200B49A40 /* Products */;
			projectDirPath = "";
			projectRoot = "";
			targets = (
				A1CCDBE12427A98100B49A40 /* Windfow_shopper */,
				A1CCDBF72427A98300B49A40 /* Windfow_shopperTests */,
				A1CCDC022427A98300B49A40 /* Windfow_shopperUITests */,
			);
		};
/* End PBXProject section */

/* Begin PBXResourcesBuildPhase section */
		A1CCDBE02427A98100B49A40 /* Resources */ = {
			isa = PBXResourcesBuildPhase;
			buildActionMask = 2147483647;
			files = (
				A1CCDBF22427A98300B49A40 /* LaunchScreen.storyboard in Resources */,
				A1CCDBEF2427A98300B49A40 /* Assets.xcassets in Resources */,
				A1CCDBED2427A98200B49A40 /* Main.storyboard in Resources */,
			);
			runOnlyForDeploymentPostprocessing = 0;
		};
		A1CCDBF62427A98300B49A40 /* Resources */ = {
			isa = PBXResourcesBuildPhase;
			buildActionMask = 2147483647;
			files = (
			);
			runOnlyForDeploymentPostprocessing = 0;
		};
		A1CCDC012427A98300B49A40 /* Resources */ = {
			isa = PBXResourcesBuildPhase;
			buildActionMask = 2147483647;
			files = (
			);
			runOnlyForDeploymentPostprocessing = 0;
		};
/* End PBXResourcesBuildPhase section */

/* Begin PBXSourcesBuildPhase section */
		A1CCDBDE2427A98100B49A40 /* Sources */ = {
			isa = PBXSourcesBuildPhase;
			buildActionMask = 2147483647;
			files = (
				A1CCDBEA2427A98200B49A40 /* mainVC.swift in Sources */,
				A1CCDBE62427A98200B49A40 /* AppDelegate.swift in Sources */,
				A1CCDC172427AE3B00B49A40 /* CurrencyTextField.swift in Sources */,
				A1CCDBE82427A98200B49A40 /* SceneDelegate.swift in Sources */,
			);
			runOnlyForDeploymentPostprocessing = 0;
		};
		A1CCDBF42427A98300B49A40 /* Sources */ = {
			isa = PBXSourcesBuildPhase;
			buildActionMask = 2147483647;
			files = (
				A1CCDBFD2427A98300B49A40 /* Windfow_shopperTests.swift in Sources */,
			);
			runOnlyForDeploymentPostprocessing = 0;
		};
		A1CCDBFF2427A98300B49A40 /* Sources */ = {
			isa = PBXSourcesBuildPhase;
			buildActionMask = 2147483647;
			files = (
				A1CCDC082427A98300B49A40 /* Windfow_shopperUITests.swift in Sources */,
			);
			runOnlyForDeploymentPostprocessing = 0;
		};
/* End PBXSourcesBuildPhase section */

/* Begin PBXTargetDependency section */
		A1CCDBFA2427A98300B49A40 /* PBXTargetDependency */ = {
			isa = PBXTargetDependency;
			target = A1CCDBE12427A98100B49A40 /* Windfow_shopper */;
			targetProxy = A1CCDBF92427A98300B49A40 /* PBXContainerItemProxy */;
		};
		A1CCDC052427A98300B49A40 /* PBXTargetDependency */ = {
			isa = PBXTargetDependency;
			target = A1CCDBE12427A98100B49A40 /* Windfow_shopper */;
			targetProxy = A1CCDC042427A98300B49A40 /* PBXContainerItemProxy */;
		};
/* End PBXTargetDependency section */

/* Begin PBXVariantGroup section */
		A1CCDBEB2427A98200B49A40 /* Main.storyboard */ = {
			isa = PBXVariantGroup;
			children = (
				A1CCDBEC2427A98200B49A40 /* Base */,
			);
			name = Main.storyboard;
			sourceTree = "<group>";
		};
		A1CCDBF02427A98300B49A40 /* LaunchScreen.storyboard */ = {
			isa = PBXVariantGroup;
			children = (
				A1CCDBF12427A98300B49A40 /* Base */,
			);
			name = LaunchScreen.storyboard;
			sourceTree = "<group>";
		};
/* End PBXVariantGroup section */

/* Begin XCBuildConfiguration section */
		A1CCDC0A2427A98300B49A40 /* Debug */ = {
			isa = XCBuildConfiguration;
			buildSettings = {
				ALWAYS_SEARCH_USER_PATHS = NO;
				CLANG_ANALYZER_NONNULL = YES;
				CLANG_ANALYZER_NUMBER_OBJECT_CONVERSION = YES_AGGRESSIVE;
				CLANG_CXX_LANGUAGE_STANDARD = "gnu++14";
				CLANG_CXX_LIBRARY = "libc++";
				CLANG_ENABLE_MODULES = YES;
				CLANG_ENABLE_OBJC_ARC = YES;
				CLANG_ENABLE_OBJC_WEAK = YES;
				CLANG_WARN_BLOCK_CAPTURE_AUTORELEASING = YES;
				CLANG_WARN_BOOL_CONVERSION = YES;
				CLANG_WARN_COMMA = YES;
				CLANG_WARN_CONSTANT_CONVERSION = YES;
				CLANG_WARN_DEPRECATED_OBJC_IMPLEMENTATIONS = YES;
				CLANG_WARN_DIRECT_OBJC_ISA_USAGE = YES_ERROR;
				CLANG_WARN_DOCUMENTATION_COMMENTS = YES;
				CLANG_WARN_EMPTY_BODY = YES;
				CLANG_WARN_ENUM_CONVERSION = YES;
				CLANG_WARN_INFINITE_RECURSION = YES;
				CLANG_WARN_INT_CONVERSION = YES;
				CLANG_WARN_NON_LITERAL_NULL_CONVERSION = YES;
				CLANG_WARN_OBJC_IMPLICIT_RETAIN_SELF = YES;
				CLANG_WARN_OBJC_LITERAL_CONVERSION = YES;
				CLANG_WARN_OBJC_ROOT_CLASS = YES_ERROR;
				CLANG_WARN_RANGE_LOOP_ANALYSIS = YES;
				CLANG_WARN_STRICT_PROTOTYPES = YES;
				CLANG_WARN_SUSPICIOUS_MOVE = YES;
				CLANG_WARN_UNGUARDED_AVAILABILITY = YES_AGGRESSIVE;
				CLANG_WARN_UNREACHABLE_CODE = YES;
				CLANG_WARN__DUPLICATE_METHOD_MATCH = YES;
				COPY_PHASE_STRIP = NO;
				DEBUG_INFORMATION_FORMAT = dwarf;
				ENABLE_STRICT_OBJC_MSGSEND = YES;
				ENABLE_TESTABILITY = YES;
				GCC_C_LANGUAGE_STANDARD = gnu11;
				GCC_DYNAMIC_NO_PIC = NO;
				GCC_NO_COMMON_BLOCKS = YES;
				GCC_OPTIMIZATION_LEVEL = 0;
				GCC_PREPROCESSOR_DEFINITIONS = (
					"DEBUG=1",
					"$(inherited)",
				);
				GCC_WARN_64_TO_32_BIT_CONVERSION = YES;
				GCC_WARN_ABOUT_RETURN_TYPE = YES_ERROR;
				GCC_WARN_UNDECLARED_SELECTOR = YES;
				GCC_WARN_UNINITIALIZED_AUTOS = YES_AGGRESSIVE;
				GCC_WARN_UNUSED_FUNCTION = YES;
				GCC_WARN_UNUSED_VARIABLE = YES;
				IPHONEOS_DEPLOYMENT_TARGET = 13.2;
				MTL_ENABLE_DEBUG_INFO = INCLUDE_SOURCE;
				MTL_FAST_MATH = YES;
				ONLY_ACTIVE_ARCH = YES;
				SDKROOT = iphoneos;
				SWIFT_ACTIVE_COMPILATION_CONDITIONS = DEBUG;
				SWIFT_OPTIMIZATION_LEVEL = "-Onone";
			};
			name = Debug;
		};
		A1CCDC0B2427A98300B49A40 /* Release */ = {
			isa = XCBuildConfiguration;
			buildSettings = {
				ALWAYS_SEARCH_USER_PATHS = NO;
				CLANG_ANALYZER_NONNULL = YES;
				CLANG_ANALYZER_NUMBER_OBJECT_CONVERSION = YES_AGGRESSIVE;
				CLANG_CXX_LANGUAGE_STANDARD = "gnu++14";
				CLANG_CXX_LIBRARY = "libc++";
				CLANG_ENABLE_MODULES = YES;
				CLANG_ENABLE_OBJC_ARC = YES;
				CLANG_ENABLE_OBJC_WEAK = YES;
				CLANG_WARN_BLOCK_CAPTURE_AUTORELEASING = YES;
				CLANG_WARN_BOOL_CONVERSION = YES;
				CLANG_WARN_COMMA = YES;
				CLANG_WARN_CONSTANT_CONVERSION = YES;
				CLANG_WARN_DEPRECATED_OBJC_IMPLEMENTATIONS = YES;
				CLANG_WARN_DIRECT_OBJC_ISA_USAGE = YES_ERROR;
				CLANG_WARN_DOCUMENTATION_COMMENTS = YES;
				CLANG_WARN_EMPTY_BODY = YES;
				CLANG_WARN_ENUM_CONVERSION = YES;
				CLANG_WARN_INFINITE_RECURSION = YES;
				CLANG_WARN_INT_CONVERSION = YES;
				CLANG_WARN_NON_LITERAL_NULL_CONVERSION = YES;
				CLANG_WARN_OBJC_IMPLICIT_RETAIN_SELF = YES;
				CLANG_WARN_OBJC_LITERAL_CONVERSION = YES;
				CLANG_WARN_OBJC_ROOT_CLASS = YES_ERROR;
				CLANG_WARN_RANGE_LOOP_ANALYSIS = YES;
				CLANG_WARN_STRICT_PROTOTYPES = YES;
				CLANG_WARN_SUSPICIOUS_MOVE = YES;
				CLANG_WARN_UNGUARDED_AVAILABILITY = YES_AGGRESSIVE;
				CLANG_WARN_UNREACHABLE_CODE = YES;
				CLANG_WARN__DUPLICATE_METHOD_MATCH = YES;
				COPY_PHASE_STRIP = NO;
				DEBUG_INFORMATION_FORMAT = "dwarf-with-dsym";
				ENABLE_NS_ASSERTIONS = NO;
				ENABLE_STRICT_OBJC_MSGSEND = YES;
				GCC_C_LANGUAGE_STANDARD = gnu11;
				GCC_NO_COMMON_BLOCKS = YES;
				GCC_WARN_64_TO_32_BIT_CONVERSION = YES;
				GCC_WARN_ABOUT_RETURN_TYPE = YES_ERROR;
				GCC_WARN_UNDECLARED_SELECTOR = YES;
				GCC_WARN_UNINITIALIZED_AUTOS = YES_AGGRESSIVE;
				GCC_WARN_UNUSED_FUNCTION = YES;
				GCC_WARN_UNUSED_VARIABLE = YES;
				IPHONEOS_DEPLOYMENT_TARGET = 13.2;
				MTL_ENABLE_DEBUG_INFO = NO;
				MTL_FAST_MATH = YES;
				SDKROOT = iphoneos;
				SWIFT_COMPILATION_MODE = wholemodule;
				SWIFT_OPTIMIZATION_LEVEL = "-O";
				VALIDATE_PRODUCT = YES;
			};
			name = Release;
		};
		A1CCDC0D2427A98300B49A40 /* Debug */ = {
			isa = XCBuildConfiguration;
			buildSettings = {
				ASSETCATALOG_COMPILER_APPICON_NAME = AppIcon;
				CODE_SIGN_STYLE = Automatic;
				INFOPLIST_FILE = Windfow_shopper/Info.plist;
				LD_RUNPATH_SEARCH_PATHS = (
					"$(inherited)",
					"@executable_path/Frameworks",
				);
				PRODUCT_BUNDLE_IDENTIFIER = "Front-End.Windfow-shopper";
				PRODUCT_NAME = "$(TARGET_NAME)";
				SWIFT_VERSION = 5.0;
				TARGETED_DEVICE_FAMILY = "1,2";
			};
			name = Debug;
		};
		A1CCDC0E2427A98300B49A40 /* Release */ = {
			isa = XCBuildConfiguration;
			buildSettings = {
				ASSETCATALOG_COMPILER_APPICON_NAME = AppIcon;
				CODE_SIGN_STYLE = Automatic;
				INFOPLIST_FILE = Windfow_shopper/Info.plist;
				LD_RUNPATH_SEARCH_PATHS = (
					"$(inherited)",
					"@executable_path/Frameworks",
				);
				PRODUCT_BUNDLE_IDENTIFIER = "Front-End.Windfow-shopper";
				PRODUCT_NAME = "$(TARGET_NAME)";
				SWIFT_VERSION = 5.0;
				TARGETED_DEVICE_FAMILY = "1,2";
			};
			name = Release;
		};
		A1CCDC102427A98300B49A40 /* Debug */ = {
			isa = XCBuildConfiguration;
			buildSettings = {
				ALWAYS_EMBED_SWIFT_STANDARD_LIBRARIES = YES;
				BUNDLE_LOADER = "$(TEST_HOST)";
				CODE_SIGN_STYLE = Automatic;
				INFOPLIST_FILE = Windfow_shopperTests/Info.plist;
				IPHONEOS_DEPLOYMENT_TARGET = 13.2;
				LD_RUNPATH_SEARCH_PATHS = (
					"$(inherited)",
					"@executable_path/Frameworks",
					"@loader_path/Frameworks",
				);
				PRODUCT_BUNDLE_IDENTIFIER = "Front-End.Windfow-shopperTests";
				PRODUCT_NAME = "$(TARGET_NAME)";
				SWIFT_VERSION = 5.0;
				TARGETED_DEVICE_FAMILY = "1,2";
				TEST_HOST = "$(BUILT_PRODUCTS_DIR)/Windfow_shopper.app/Windfow_shopper";
			};
			name = Debug;
		};
		A1CCDC112427A98300B49A40 /* Release */ = {
			isa = XCBuildConfiguration;
			buildSettings = {
				ALWAYS_EMBED_SWIFT_STANDARD_LIBRARIES = YES;
				BUNDLE_LOADER = "$(TEST_HOST)";
				CODE_SIGN_STYLE = Automatic;
				INFOPLIST_FILE = Windfow_shopperTests/Info.plist;
				IPHONEOS_DEPLOYMENT_TARGET = 13.2;
				LD_RUNPATH_SEARCH_PATHS = (
					"$(inherited)",
					"@executable_path/Frameworks",
					"@loader_path/Frameworks",
				);
				PRODUCT_BUNDLE_IDENTIFIER = "Front-End.Windfow-shopperTests";
				PRODUCT_NAME = "$(TARGET_NAME)";
				SWIFT_VERSION = 5.0;
				TARGETED_DEVICE_FAMILY = "1,2";
				TEST_HOST = "$(BUILT_PRODUCTS_DIR)/Windfow_shopper.app/Windfow_shopper";
			};
			name = Release;
		};
		A1CCDC132427A98300B49A40 /* Debug */ = {
			isa = XCBuildConfiguration;
			buildSettings = {
				ALWAYS_EMBED_SWIFT_STANDARD_LIBRARIES = YES;
				CODE_SIGN_STYLE = Automatic;
				INFOPLIST_FILE = Windfow_shopperUITests/Info.plist;
				LD_RUNPATH_SEARCH_PATHS = (
					"$(inherited)",
					"@executable_path/Frameworks",
					"@loader_path/Frameworks",
				);
				PRODUCT_BUNDLE_IDENTIFIER = "Front-End.Windfow-shopperUITests";
				PRODUCT_NAME = "$(TARGET_NAME)";
				SWIFT_VERSION = 5.0;
				TARGETED_DEVICE_FAMILY = "1,2";
				TEST_TARGET_NAME = Windfow_shopper;
			};
			name = Debug;
		};
		A1CCDC142427A98300B49A40 /* Release */ = {
			isa = XCBuildConfiguration;
			buildSettings = {
				ALWAYS_EMBED_SWIFT_STANDARD_LIBRARIES = YES;
				CODE_SIGN_STYLE = Automatic;
				INFOPLIST_FILE = Windfow_shopperUITests/Info.plist;
				LD_RUNPATH_SEARCH_PATHS = (
					"$(inherited)",
					"@executable_path/Frameworks",
					"@loader_path/Frameworks",
				);
				PRODUCT_BUNDLE_IDENTIFIER = "Front-End.Windfow-shopperUITests";
				PRODUCT_NAME = "$(TARGET_NAME)";
				SWIFT_VERSION = 5.0;
				TARGETED_DEVICE_FAMILY = "1,2";
				TEST_TARGET_NAME = Windfow_shopper;
			};
			name = Release;
		};
/* End XCBuildConfiguration section */

/* Begin XCConfigurationList section */
		A1CCDBDD2427A98100B49A40 /* Build configuration list for PBXProject "Windfow_shopper" */ = {
			isa = XCConfigurationList;
			buildConfigurations = (
				A1CCDC0A2427A98300B49A40 /* Debug */,
				A1CCDC0B2427A98300B49A40 /* Release */,
			);
			defaultConfigurationIsVisible = 0;
			defaultConfigurationName = Release;
		};
		A1CCDC0C2427A98300B49A40 /* Build configuration list for PBXNativeTarget "Windfow_shopper" */ = {
			isa = XCConfigurationList;
			buildConfigurations = (
				A1CCDC0D2427A98300B49A40 /* Debug */,
				A1CCDC0E2427A98300B49A40 /* Release */,
			);
			defaultConfigurationIsVisible = 0;
			defaultConfigurationName = Release;
		};
		A1CCDC0F2427A98300B49A40 /* Build configuration list for PBXNativeTarget "Windfow_shopperTests" */ = {
			isa = XCConfigurationList;
			buildConfigurations = (
				A1CCDC102427A98300B49A40 /* Debug */,
				A1CCDC112427A98300B49A40 /* Release */,
			);
			defaultConfigurationIsVisible = 0;
			defaultConfigurationName = Release;
		};
		A1CCDC122427A98300B49A40 /* Build configuration list for PBXNativeTarget "Windfow_shopperUITests" */ = {
			isa = XCConfigurationList;
			buildConfigurations = (
				A1CCDC132427A98300B49A40 /* Debug */,
				A1CCDC142427A98300B49A40 /* Release */,
			);
			defaultConfigurationIsVisible = 0;
			defaultConfigurationName = Release;
		};
/* End XCConfigurationList section */
	};
	rootObject = A1CCDBDA2427A98100B49A40 /* Project object */;
}
